// !$*UTF8*$!
{
	archiveVersion = 1;
	classes = {
	};
	objectVersion = 46;
	objects = {

/* Begin PBXBuildFile section */
		EE0A38A819AF09D700362BAF /* Foundation.framework in Frameworks */ = {isa = PBXBuildFile; fileRef = EE0A38A719AF09D700362BAF /* Foundation.framework */; };
		EE0A38AA19AF09D700362BAF /* CoreGraphics.framework in Frameworks */ = {isa = PBXBuildFile; fileRef = EE0A38A919AF09D700362BAF /* CoreGraphics.framework */; };
		EE0A38AC19AF09D700362BAF /* UIKit.framework in Frameworks */ = {isa = PBXBuildFile; fileRef = EE0A38AB19AF09D700362BAF /* UIKit.framework */; };
		EE0A38B219AF09D700362BAF /* InfoPlist.strings in Resources */ = {isa = PBXBuildFile; fileRef = EE0A38B019AF09D700362BAF /* InfoPlist.strings */; };
		EE0A38B419AF09D700362BAF /* main.m in Sources */ = {isa = PBXBuildFile; fileRef = EE0A38B319AF09D700362BAF /* main.m */; };
		EE0A38B819AF09D700362BAF /* AppDelegate.m in Sources */ = {isa = PBXBuildFile; fileRef = EE0A38B719AF09D700362BAF /* AppDelegate.m */; };
		EE0A38BB19AF09D700362BAF /* Main.storyboard in Resources */ = {isa = PBXBuildFile; fileRef = EE0A38B919AF09D700362BAF /* Main.storyboard */; };
		EE0A38BE19AF09D700362BAF /* ViewController.m in Sources */ = {isa = PBXBuildFile; fileRef = EE0A38BD19AF09D700362BAF /* ViewController.m */; };
		EE0A38C019AF09D700362BAF /* Images.xcassets in Resources */ = {isa = PBXBuildFile; fileRef = EE0A38BF19AF09D700362BAF /* Images.xcassets */; };
		EE0A38C719AF09D700362BAF /* XCTest.framework in Frameworks */ = {isa = PBXBuildFile; fileRef = EE0A38C619AF09D700362BAF /* XCTest.framework */; };
		EE0A38C819AF09D700362BAF /* Foundation.framework in Frameworks */ = {isa = PBXBuildFile; fileRef = EE0A38A719AF09D700362BAF /* Foundation.framework */; };
		EE0A38C919AF09D700362BAF /* UIKit.framework in Frameworks */ = {isa = PBXBuildFile; fileRef = EE0A38AB19AF09D700362BAF /* UIKit.framework */; };
		EE0A38D119AF09D700362BAF /* InfoPlist.strings in Resources */ = {isa = PBXBuildFile; fileRef = EE0A38CF19AF09D700362BAF /* InfoPlist.strings */; };
		EE0A38D319AF09D700362BAF /* weatherEffectsTests.m in Sources */ = {isa = PBXBuildFile; fileRef = EE0A38D219AF09D700362BAF /* weatherEffectsTests.m */; };
/* End PBXBuildFile section */

/* Begin PBXContainerItemProxy section */
		EE0A38CA19AF09D700362BAF /* PBXContainerItemProxy */ = {
			isa = PBXContainerItemProxy;
			containerPortal = EE0A389C19AF09D700362BAF /* Project object */;
			proxyType = 1;
			remoteGlobalIDString = EE0A38A319AF09D700362BAF;
			remoteInfo = weatherEffects;
		};
/* End PBXContainerItemProxy section */

/* Begin PBXFileReference section */
		EE0A38A419AF09D700362BAF /* weatherEffects.app */ = {isa = PBXFileReference; explicitFileType = wrapper.application; includeInIndex = 0; path = weatherEffects.app; sourceTree = BUILT_PRODUCTS_DIR; };
		EE0A38A719AF09D700362BAF /* Foundation.framework */ = {isa = PBXFileReference; lastKnownFileType = wrapper.framework; name = Foundation.framework; path = System/Library/Frameworks/Foundation.framework; sourceTree = SDKROOT; };
		EE0A38A919AF09D700362BAF /* CoreGraphics.framework */ = {isa = PBXFileReference; lastKnownFileType = wrapper.framework; name = CoreGraphics.framework; path = System/Library/Frameworks/CoreGraphics.framework; sourceTree = SDKROOT; };
		EE0A38AB19AF09D700362BAF /* UIKit.framework */ = {isa = PBXFileReference; lastKnownFileType = wrapper.framework; name = UIKit.framework; path = System/Library/Frameworks/UIKit.framework; sourceTree = SDKROOT; };
		EE0A38AF19AF09D700362BAF /* weatherEffects-Info.plist */ = {isa = PBXFileReference; lastKnownFileType = text.plist.xml; path = "weatherEffects-Info.plist"; sourceTree = "<group>"; };
		EE0A38B119AF09D700362BAF /* en */ = {isa = PBXFileReference; lastKnownFileType = text.plist.strings; name = en; path = en.lproj/InfoPlist.strings; sourceTree = "<group>"; };
		EE0A38B319AF09D700362BAF /* main.m */ = {isa = PBXFileReference; lastKnownFileType = sourcecode.c.objc; path = main.m; sourceTree = "<group>"; };
		EE0A38B519AF09D700362BAF /* weatherEffects-Prefix.pch */ = {isa = PBXFileReference; lastKnownFileType = sourcecode.c.h; path = "weatherEffects-Prefix.pch"; sourceTree = "<group>"; };
		EE0A38B619AF09D700362BAF /* AppDelegate.h */ = {isa = PBXFileReference; lastKnownFileType = sourcecode.c.h; path = AppDelegate.h; sourceTree = "<group>"; };
		EE0A38B719AF09D700362BAF /* AppDelegate.m */ = {isa = PBXFileReference; lastKnownFileType = sourcecode.c.objc; path = AppDelegate.m; sourceTree = "<group>"; };
		EE0A38BA19AF09D700362BAF /* Base */ = {isa = PBXFileReference; lastKnownFileType = file.storyboard; name = Base; path = Base.lproj/Main.storyboard; sourceTree = "<group>"; };
		EE0A38BC19AF09D700362BAF /* ViewController.h */ = {isa = PBXFileReference; lastKnownFileType = sourcecode.c.h; path = ViewController.h; sourceTree = "<group>"; };
		EE0A38BD19AF09D700362BAF /* ViewController.m */ = {isa = PBXFileReference; lastKnownFileType = sourcecode.c.objc; path = ViewController.m; sourceTree = "<group>"; };
		EE0A38BF19AF09D700362BAF /* Images.xcassets */ = {isa = PBXFileReference; lastKnownFileType = folder.assetcatalog; path = Images.xcassets; sourceTree = "<group>"; };
		EE0A38C519AF09D700362BAF /* weatherEffectsTests.xctest */ = {isa = PBXFileReference; explicitFileType = wrapper.cfbundle; includeInIndex = 0; path = weatherEffectsTests.xctest; sourceTree = BUILT_PRODUCTS_DIR; };
		EE0A38C619AF09D700362BAF /* XCTest.framework */ = {isa = PBXFileReference; lastKnownFileType = wrapper.framework; name = XCTest.framework; path = Library/Frameworks/XCTest.framework; sourceTree = DEVELOPER_DIR; };
		EE0A38CE19AF09D700362BAF /* weatherEffectsTests-Info.plist */ = {isa = PBXFileReference; lastKnownFileType = text.plist.xml; path = "weatherEffectsTests-Info.plist"; sourceTree = "<group>"; };
		EE0A38D019AF09D700362BAF /* en */ = {isa = PBXFileReference; lastKnownFileType = text.plist.strings; name = en; path = en.lproj/InfoPlist.strings; sourceTree = "<group>"; };
		EE0A38D219AF09D700362BAF /* weatherEffectsTests.m */ = {isa = PBXFileReference; lastKnownFileType = sourcecode.c.objc; path = weatherEffectsTests.m; sourceTree = "<group>"; };
/* End PBXFileReference section */

/* Begin PBXFrameworksBuildPhase section */
		EE0A38A119AF09D700362BAF /* Frameworks */ = {
			isa = PBXFrameworksBuildPhase;
			buildActionMask = 2147483647;
			files = (
				EE0A38AA19AF09D700362BAF /* CoreGraphics.framework in Frameworks */,
				EE0A38AC19AF09D700362BAF /* UIKit.framework in Frameworks */,
				EE0A38A819AF09D700362BAF /* Foundation.framework in Frameworks */,
			);
			runOnlyForDeploymentPostprocessing = 0;
		};
		EE0A38C219AF09D700362BAF /* Frameworks */ = {
			isa = PBXFrameworksBuildPhase;
			buildActionMask = 2147483647;
			files = (
				EE0A38C719AF09D700362BAF /* XCTest.framework in Frameworks */,
				EE0A38C919AF09D700362BAF /* UIKit.framework in Frameworks */,
				EE0A38C819AF09D700362BAF /* Foundation.framework in Frameworks */,
			);
			runOnlyForDeploymentPostprocessing = 0;
		};
/* End PBXFrameworksBuildPhase section */

/* Begin PBXGroup section */
		EE0A389B19AF09D700362BAF = {
			isa = PBXGroup;
			children = (
				EE0A38AD19AF09D700362BAF /* weatherEffects */,
				EE0A38CC19AF09D700362BAF /* weatherEffectsTests */,
				EE0A38A619AF09D700362BAF /* Frameworks */,
				EE0A38A519AF09D700362BAF /* Products */,
			);
			sourceTree = "<group>";
		};
		EE0A38A519AF09D700362BAF /* Products */ = {
			isa = PBXGroup;
			children = (
				EE0A38A419AF09D700362BAF /* weatherEffects.app */,
				EE0A38C519AF09D700362BAF /* weatherEffectsTests.xctest */,
			);
			name = Products;
			sourceTree = "<group>";
		};
		EE0A38A619AF09D700362BAF /* Frameworks */ = {
			isa = PBXGroup;
			children = (
				EE0A38A719AF09D700362BAF /* Foundation.framework */,
				EE0A38A919AF09D700362BAF /* CoreGraphics.framework */,
				EE0A38AB19AF09D700362BAF /* UIKit.framework */,
				EE0A38C619AF09D700362BAF /* XCTest.framework */,
			);
			name = Frameworks;
			sourceTree = "<group>";
		};
		EE0A38AD19AF09D700362BAF /* weatherEffects */ = {
			isa = PBXGroup;
			children = (
				EE0A38B619AF09D700362BAF /* AppDelegate.h */,
				EE0A38B719AF09D700362BAF /* AppDelegate.m */,
				EE0A38B919AF09D700362BAF /* Main.storyboard */,
				EE0A38BC19AF09D700362BAF /* ViewController.h */,
				EE0A38BD19AF09D700362BAF /* ViewController.m */,
				EE0A38BF19AF09D700362BAF /* Images.xcassets */,
				EE0A38AE19AF09D700362BAF /* Supporting Files */,
			);
			path = weatherEffects;
			sourceTree = "<group>";
		};
		EE0A38AE19AF09D700362BAF /* Supporting Files */ = {
			isa = PBXGroup;
			children = (
				EE0A38AF19AF09D700362BAF /* weatherEffects-Info.plist */,
				EE0A38B019AF09D700362BAF /* InfoPlist.strings */,
				EE0A38B319AF09D700362BAF /* main.m */,
				EE0A38B519AF09D700362BAF /* weatherEffects-Prefix.pch */,
			);
			name = "Supporting Files";
			sourceTree = "<group>";
		};
		EE0A38CC19AF09D700362BAF /* weatherEffectsTests */ = {
			isa = PBXGroup;
			children = (
				EE0A38D219AF09D700362BAF /* weatherEffectsTests.m */,
				EE0A38CD19AF09D700362BAF /* Supporting Files */,
			);
			path = weatherEffectsTests;
			sourceTree = "<group>";
		};
		EE0A38CD19AF09D700362BAF /* Supporting Files */ = {
			isa = PBXGroup;
			children = (
				EE0A38CE19AF09D700362BAF /* weatherEffectsTests-Info.plist */,
				EE0A38CF19AF09D700362BAF /* InfoPlist.strings */,
			);
			name = "Supporting Files";
			sourceTree = "<group>";
		};
/* End PBXGroup section */

/* Begin PBXNativeTarget section */
		EE0A38A319AF09D700362BAF /* weatherEffects */ = {
			isa = PBXNativeTarget;
			buildConfigurationList = EE0A38D619AF09D700362BAF /* Build configuration list for PBXNativeTarget "weatherEffects" */;
			buildPhases = (
				EE0A38A019AF09D700362BAF /* Sources */,
				EE0A38A119AF09D700362BAF /* Frameworks */,
				EE0A38A219AF09D700362BAF /* Resources */,
			);
			buildRules = (
			);
			dependencies = (
			);
			name = weatherEffects;
			productName = weatherEffects;
			productReference = EE0A38A419AF09D700362BAF /* weatherEffects.app */;
			productType = "com.apple.product-type.application";
		};
		EE0A38C419AF09D700362BAF /* weatherEffectsTests */ = {
			isa = PBXNativeTarget;
			buildConfigurationList = EE0A38D919AF09D700362BAF /* Build configuration list for PBXNativeTarget "weatherEffectsTests" */;
			buildPhases = (
				EE0A38C119AF09D700362BAF /* Sources */,
				EE0A38C219AF09D700362BAF /* Frameworks */,
				EE0A38C319AF09D700362BAF /* Resources */,
			);
			buildRules = (
			);
			dependencies = (
				EE0A38CB19AF09D700362BAF /* PBXTargetDependency */,
			);
			name = weatherEffectsTests;
			productName = weatherEffectsTests;
			productReference = EE0A38C519AF09D700362BAF /* weatherEffectsTests.xctest */;
			productType = "com.apple.product-type.bundle.unit-test";
		};
/* End PBXNativeTarget section */

/* Begin PBXProject section */
		EE0A389C19AF09D700362BAF /* Project object */ = {
			isa = PBXProject;
			attributes = {
				LastUpgradeCheck = 0510;
				ORGANIZATIONNAME = gaoyong;
				TargetAttributes = {
					EE0A38C419AF09D700362BAF = {
						TestTargetID = EE0A38A319AF09D700362BAF;
					};
				};
			};
			buildConfigurationList = EE0A389F19AF09D700362BAF /* Build configuration list for PBXProject "weatherEffects" */;
			compatibilityVersion = "Xcode 3.2";
			developmentRegion = English;
			hasScannedForEncodings = 0;
			knownRegions = (
				en,
				Base,
			);
			mainGroup = EE0A389B19AF09D700362BAF;
			productRefGroup = EE0A38A519AF09D700362BAF /* Products */;
			projectDirPath = "";
			projectRoot = "";
			targets = (
				EE0A38A319AF09D700362BAF /* weatherEffects */,
				EE0A38C419AF09D700362BAF /* weatherEffectsTests */,
			);
		};
/* End PBXProject section */

/* Begin PBXResourcesBuildPhase section */
		EE0A38A219AF09D700362BAF /* Resources */ = {
			isa = PBXResourcesBuildPhase;
			buildActionMask = 2147483647;
			files = (
				EE0A38C019AF09D700362BAF /* Images.xcassets in Resources */,
				EE0A38B219AF09D700362BAF /* InfoPlist.strings in Resources */,
				EE0A38BB19AF09D700362BAF /* Main.storyboard in Resources */,
			);
			runOnlyForDeploymentPostprocessing = 0;
		};
		EE0A38C319AF09D700362BAF /* Resources */ = {
			isa = PBXResourcesBuildPhase;
			buildActionMask = 2147483647;
			files = (
				EE0A38D119AF09D700362BAF /* InfoPlist.strings in Resources */,
			);
			runOnlyForDeploymentPostprocessing = 0;
		};
/* End PBXResourcesBuildPhase section */

/* Begin PBXSourcesBuildPhase section */
		EE0A38A019AF09D700362BAF /* Sources */ = {
			isa = PBXSourcesBuildPhase;
			buildActionMask = 2147483647;
			files = (
				EE0A38BE19AF09D700362BAF /* ViewController.m in Sources */,
				EE0A38B819AF09D700362BAF /* AppDelegate.m in Sources */,
				EE0A38B419AF09D700362BAF /* main.m in Sources */,
			);
			runOnlyForDeploymentPostprocessing = 0;
		};
		EE0A38C119AF09D700362BAF /* Sources */ = {
			isa = PBXSourcesBuildPhase;
			buildActionMask = 2147483647;
			files = (
				EE0A38D319AF09D700362BAF /* weatherEffectsTests.m in Sources */,
			);
			runOnlyForDeploymentPostprocessing = 0;
		};
/* End PBXSourcesBuildPhase section */

/* Begin PBXTargetDependency section */
		EE0A38CB19AF09D700362BAF /* PBXTargetDependency */ = {
			isa = PBXTargetDependency;
			target = EE0A38A319AF09D700362BAF /* weatherEffects */;
			targetProxy = EE0A38CA19AF09D700362BAF /* PBXContainerItemProxy */;
		};
/* End PBXTargetDependency section */

/* Begin PBXVariantGroup section */
		EE0A38B019AF09D700362BAF /* InfoPlist.strings */ = {
			isa = PBXVariantGroup;
			children = (
				EE0A38B119AF09D700362BAF /* en */,
			);
			name = InfoPlist.strings;
			sourceTree = "<group>";
		};
		EE0A38B919AF09D700362BAF /* Main.storyboard */ = {
			isa = PBXVariantGroup;
			children = (
				EE0A38BA19AF09D700362BAF /* Base */,
			);
			name = Main.storyboard;
			sourceTree = "<group>";
		};
		EE0A38CF19AF09D700362BAF /* InfoPlist.strings */ = {
			isa = PBXVariantGroup;
			children = (
				EE0A38D019AF09D700362BAF /* en */,
			);
			name = InfoPlist.strings;
			sourceTree = "<group>";
		};
/* End PBXVariantGroup section */

/* Begin XCBuildConfiguration section */
		EE0A38D419AF09D700362BAF /* Debug */ = {
			isa = XCBuildConfiguration;
			buildSettings = {
				ALWAYS_SEARCH_USER_PATHS = NO;
				CLANG_CXX_LANGUAGE_STANDARD = "gnu++0x";
				CLANG_CXX_LIBRARY = "libc++";
				CLANG_ENABLE_MODULES = YES;
				CLANG_ENABLE_OBJC_ARC = YES;
				CLANG_WARN_BOOL_CONVERSION = YES;
				CLANG_WARN_CONSTANT_CONVERSION = YES;
				CLANG_WARN_DIRECT_OBJC_ISA_USAGE = YES_ERROR;
				CLANG_WARN_EMPTY_BODY = YES;
				CLANG_WARN_ENUM_CONVERSION = YES;
				CLANG_WARN_INT_CONVERSION = YES;
				CLANG_WARN_OBJC_ROOT_CLASS = YES_ERROR;
				CLANG_WARN__DUPLICATE_METHOD_MATCH = YES;
				"CODE_SIGN_IDENTITY[sdk=iphoneos*]" = "iPhone Developer";
				COPY_PHASE_STRIP = NO;
				GCC_C_LANGUAGE_STANDARD = gnu99;
				GCC_DYNAMIC_NO_PIC = NO;
				GCC_OPTIMIZATION_LEVEL = 0;
				GCC_PREPROCESSOR_DEFINITIONS = (
					"DEBUG=1",
					"$(inherited)",
				);
				GCC_SYMBOLS_PRIVATE_EXTERN = NO;
				GCC_WARN_64_TO_32_BIT_CONVERSION = YES;
				GCC_WARN_ABOUT_RETURN_TYPE = YES_ERROR;
				GCC_WARN_UNDECLARED_SELECTOR = YES;
				GCC_WARN_UNINITIALIZED_AUTOS = YES_AGGRESSIVE;
				GCC_WARN_UNUSED_FUNCTION = YES;
				GCC_WARN_UNUSED_VARIABLE = YES;
				IPHONEOS_DEPLOYMENT_TARGET = 7.1;
				ONLY_ACTIVE_ARCH = YES;
				SDKROOT = iphoneos;
			};
			name = Debug;
		};
		EE0A38D519AF09D700362BAF /* Release */ = {
			isa = XCBuildConfiguration;
			buildSettings = {
				ALWAYS_SEARCH_USER_PATHS = NO;
				CLANG_CXX_LANGUAGE_STANDARD = "gnu++0x";
				CLANG_CXX_LIBRARY = "libc++";
				CLANG_ENABLE_MODULES = YES;
				CLANG_ENABLE_OBJC_ARC = YES;
				CLANG_WARN_BOOL_CONVERSION = YES;
				CLANG_WARN_CONSTANT_CONVERSION = YES;
				CLANG_WARN_DIRECT_OBJC_ISA_USAGE = YES_ERROR;
				CLANG_WARN_EMPTY_BODY = YES;
				CLANG_WARN_ENUM_CONVERSION = YES;
				CLANG_WARN_INT_CONVERSION = YES;
				CLANG_WARN_OBJC_ROOT_CLASS = YES_ERROR;
				CLANG_WARN__DUPLICATE_METHOD_MATCH = YES;
				"CODE_SIGN_IDENTITY[sdk=iphoneos*]" = "iPhone Developer";
				COPY_PHASE_STRIP = YES;
				ENABLE_NS_ASSERTIONS = NO;
				GCC_C_LANGUAGE_STANDARD = gnu99;
				GCC_WARN_64_TO_32_BIT_CONVERSION = YES;
				GCC_WARN_ABOUT_RETURN_TYPE = YES_ERROR;
				GCC_WARN_UNDECLARED_SELECTOR = YES;
				GCC_WARN_UNINITIALIZED_AUTOS = YES_AGGRESSIVE;
				GCC_WARN_UNUSED_FUNCTION = YES;
				GCC_WARN_UNUSED_VARIABLE = YES;
				IPHONEOS_DEPLOYMENT_TARGET = 7.1;
				SDKROOT = iphoneos;
				VALIDATE_PRODUCT = YES;
			};
			name = Release;
		};
		EE0A38D719AF09D700362BAF /* Debug */ = {
			isa = XCBuildConfiguration;
			buildSettings = {
				ASSETCATALOG_COMPILER_APPICON_NAME = AppIcon;
				ASSETCATALOG_COMPILER_LAUNCHIMAGE_NAME = LaunchImage;
				GCC_PRECOMPILE_PREFIX_HEADER = YES;
				GCC_PREFIX_HEADER = "weatherEffects/weatherEffects-Prefix.pch";
				INFOPLIST_FILE = "weatherEffects/weatherEffects-Info.plist";
				PRODUCT_NAME = "$(TARGET_NAME)";
				WRAPPER_EXTENSION = app;
			};
			name = Debug;
		};
		EE0A38D819AF09D700362BAF /* Release */ = {
			isa = XCBuildConfiguration;
			buildSettings = {
				ASSETCATALOG_COMPILER_APPICON_NAME = AppIcon;
				ASSETCATALOG_COMPILER_LAUNCHIMAGE_NAME = LaunchImage;
				GCC_PRECOMPILE_PREFIX_HEADER = YES;
				GCC_PREFIX_HEADER = "weatherEffects/weatherEffects-Prefix.pch";
				INFOPLIST_FILE = "weatherEffects/weatherEffects-Info.plist";
				PRODUCT_NAME = "$(TARGET_NAME)";
				WRAPPER_EXTENSION = app;
			};
			name = Release;
		};
		EE0A38DA19AF09D700362BAF /* Debug */ = {
			isa = XCBuildConfiguration;
			buildSettings = {
				BUNDLE_LOADER = "$(BUILT_PRODUCTS_DIR)/weatherEffects.app/weatherEffects";
				FRAMEWORK_SEARCH_PATHS = (
					"$(SDKROOT)/Developer/Library/Frameworks",
					"$(inherited)",
					"$(DEVELOPER_FRAMEWORKS_DIR)",
				);
				GCC_PRECOMPILE_PREFIX_HEADER = YES;
				GCC_PREFIX_HEADER = "weatherEffects/weatherEffects-Prefix.pch";
				GCC_PREPROCESSOR_DEFINITIONS = (
					"DEBUG=1",
					"$(inherited)",
				);
				INFOPLIST_FILE = "weatherEffectsTests/weatherEffectsTests-Info.plist";
				PRODUCT_NAME = "$(TARGET_NAME)";
				TEST_HOST = "$(BUNDLE_LOADER)";
				WRAPPER_EXTENSION = xctest;
			};
			name = Debug;
		};
		EE0A38DB19AF09D700362BAF /* Release */ = {
			isa = XCBuildConfiguration;
			buildSettings = {
				BUNDLE_LOADER = "$(BUILT_PRODUCTS_DIR)/weatherEffects.app/weatherEffects";
				FRAMEWORK_SEARCH_PATHS = (
					"$(SDKROOT)/Developer/Library/Frameworks",
					"$(inherited)",
					"$(DEVELOPER_FRAMEWORKS_DIR)",
				);
				GCC_PRECOMPILE_PREFIX_HEADER = YES;
				GCC_PREFIX_HEADER = "weatherEffects/weatherEffects-Prefix.pch";
				INFOPLIST_FILE = "weatherEffectsTests/weatherEffectsTests-Info.plist";
				PRODUCT_NAME = "$(TARGET_NAME)";
				TEST_HOST = "$(BUNDLE_LOADER)";
				WRAPPER_EXTENSION = xctest;
			};
			name = Release;
		};
/* End XCBuildConfiguration section */

/* Begin XCConfigurationList section */
		EE0A389F19AF09D700362BAF /* Build configuration list for PBXProject "weatherEffects" */ = {
			isa = XCConfigurationList;
			buildConfigurations = (
				EE0A38D419AF09D700362BAF /* Debug */,
				EE0A38D519AF09D700362BAF /* Release */,
			);
			defaultConfigurationIsVisible = 0;
			defaultConfigurationName = Release;
		};
		EE0A38D619AF09D700362BAF /* Build configuration list for PBXNativeTarget "weatherEffects" */ = {
			isa = XCConfigurationList;
			buildConfigurations = (
				EE0A38D719AF09D700362BAF /* Debug */,
				EE0A38D819AF09D700362BAF /* Release */,
			);
			defaultConfigurationIsVisible = 0;
		};
		EE0A38D919AF09D700362BAF /* Build configuration list for PBXNativeTarget "weatherEffectsTests" */ = {
			isa = XCConfigurationList;
			buildConfigurations = (
				EE0A38DA19AF09D700362BAF /* Debug */,
				EE0A38DB19AF09D700362BAF /* Release */,
			);
			defaultConfigurationIsVisible = 0;
		};
/* End XCConfigurationList section */
	};
	rootObject = EE0A389C19AF09D700362BAF /* Project object */;
}
